
Microsoft Visual Studio Solution File, Format Version 12.00
# Visual Studio Version 17
VisualStudioVersion = 17.5.33414.496
MinimumVisualStudioVersion = 10.0.40219.1
Project("{9A19103F-16F7-4668-BE54-9A1E7A4F7556}") = "MyFrontEnd", "MyFrontEnd\MyFrontEnd.csproj", "{9251698D-E22D-4784-8069-C324F1FE5C71}"
EndProject
Project("{9A19103F-16F7-4668-BE54-9A1E7A4F7556}") = "MyBackEnd", "MyBackEnd\MyBackEnd.csproj", "{8DDCEB43-27C5-4BD1-A552-02EDDCF2E445}"
EndProject
Project("{E53339B2-1760-4266-BCC7-CA923CBCF16C}") = "docker-compose", "docker-compose.dcproj", "{B289DB74-9D91-42C2-9643-54921916E5CB}"
EndProject
Project("{2150E333-8FDC-42A3-9474-1A3956D46DE8}") = "dapr", "dapr", "{606734B9-C812-45B7-91D7-2CC1A147A001}"
	ProjectSection(SolutionItems) = preProject
		dapr\config.yaml = dapr\config.yaml
	EndProjectSection
EndProject
Project("{2150E333-8FDC-42A3-9474-1A3956D46DE8}") = "components", "components", "{48E63C70-F939-4D4E-B666-099FAD94E166}"
EndProject
Project("{9A19103F-16F7-4668-BE54-9A1E7A4F7556}") = "PublishBackend", "PublishBackend\PublishBackend.csproj", "{9ACB96D5-7E1A-42FB-82C2-C5640E3B894E}"
EndProject
Project("{2150E333-8FDC-42A3-9474-1A3956D46DE8}") = "bindings", "bindings", "{D25E4AE8-EC25-454B-B355-50DE62D8131B}"
	ProjectSection(SolutionItems) = preProject
		dapr\components\bindings\bindings.yaml = dapr\components\bindings\bindings.yaml
	EndProjectSection
EndProject
Project("{2150E333-8FDC-42A3-9474-1A3956D46DE8}") = "pubsub", "pubsub", "{896A9624-592A-4B9E-9445-A21AEA2E8A48}"
	ProjectSection(SolutionItems) = preProject
		dapr\components\pubsub\pubsub.yaml = dapr\components\pubsub\pubsub.yaml
	EndProjectSection
EndProject
Global
	GlobalSection(SolutionConfigurationPlatforms) = preSolution
		Debug|Any CPU = Debug|Any CPU
		Release|Any CPU = Release|Any CPU
	EndGlobalSection
	GlobalSection(ProjectConfigurationPlatforms) = postSolution
		{9251698D-E22D-4784-8069-C324F1FE5C71}.Debug|Any CPU.ActiveCfg = Debug|Any CPU
		{9251698D-E22D-4784-8069-C324F1FE5C71}.Debug|Any CPU.Build.0 = Debug|Any CPU
		{9251698D-E22D-4784-8069-C324F1FE5C71}.Release|Any CPU.ActiveCfg = Release|Any CPU
		{9251698D-E22D-4784-8069-C324F1FE5C71}.Release|Any CPU.Build.0 = Release|Any CPU
		{8DDCEB43-27C5-4BD1-A552-02EDDCF2E445}.Debug|Any CPU.ActiveCfg = Debug|Any CPU
		{8DDCEB43-27C5-4BD1-A552-02EDDCF2E445}.Debug|Any CPU.Build.0 = Debug|Any CPU
		{8DDCEB43-27C5-4BD1-A552-02EDDCF2E445}.Release|Any CPU.ActiveCfg = Release|Any CPU
		{8DDCEB43-27C5-4BD1-A552-02EDDCF2E445}.Release|Any CPU.Build.0 = Release|Any CPU
		{B289DB74-9D91-42C2-9643-54921916E5CB}.Debug|Any CPU.ActiveCfg = Debug|Any CPU
		{B289DB74-9D91-42C2-9643-54921916E5CB}.Debug|Any CPU.Build.0 = Debug|Any CPU
		{B289DB74-9D91-42C2-9643-54921916E5CB}.Release|Any CPU.ActiveCfg = Release|Any CPU
		{B289DB74-9D91-42C2-9643-54921916E5CB}.Release|Any CPU.Build.0 = Release|Any CPU
		{9ACB96D5-7E1A-42FB-82C2-C5640E3B894E}.Debug|Any CPU.ActiveCfg = Debug|Any CPU
		{9ACB96D5-7E1A-42FB-82C2-C5640E3B894E}.Debug|Any CPU.Build.0 = Debug|Any CPU
		{9ACB96D5-7E1A-42FB-82C2-C5640E3B894E}.Release|Any CPU.ActiveCfg = Release|Any CPU
		{9ACB96D5-7E1A-42FB-82C2-C5640E3B894E}.Release|Any CPU.Build.0 = Release|Any CPU
	EndGlobalSection
	GlobalSection(SolutionProperties) = preSolution
		HideSolutionNode = FALSE
	EndGlobalSection
	GlobalSection(NestedProjects) = preSolution
		{48E63C70-F939-4D4E-B666-099FAD94E166} = {606734B9-C812-45B7-91D7-2CC1A147A001}
		{D25E4AE8-EC25-454B-B355-50DE62D8131B} = {48E63C70-F939-4D4E-B666-099FAD94E166}
		{896A9624-592A-4B9E-9445-A21AEA2E8A48} = {48E63C70-F939-4D4E-B666-099FAD94E166}
	EndGlobalSection
	GlobalSection(ExtensibilityGlobals) = postSolution
		SolutionGuid = {8247947F-2C94-4578-96ED-15914110B13E}
	EndGlobalSection
EndGlobal
